
Microsoft Visual Studio Solution File, Format Version 12.00
# Visual Studio 14
VisualStudioVersion = 14.0.25420.1
MinimumVisualStudioVersion = 10.0.40219.1
Project("{FAE04EC0-301F-11D3-BF4B-00C04F79EFBC}") = "PhotoBooth.DAL", "PhotoBooth.DAL\PhotoBooth.DAL.csproj", "{B1F35053-1A83-4F7A-A5DA-E2DA89FF6360}"
EndProject
Project("{2150E333-8FDC-42A3-9474-1A3956D46DE8}") = "iOS", "iOS", "{D9C4029B-589A-4889-9E6A-F9F5C401AC19}"
EndProject
Project("{FAE04EC0-301F-11D3-BF4B-00C04F79EFBC}") = "PhotoBooth.WebApp", "PhotoBooth.WebApp\PhotoBooth.WebApp.csproj", "{6031096F-44C0-423B-8352-4E0EC505CE49}"
EndProject
Project("{2150E333-8FDC-42A3-9474-1A3956D46DE8}") = "PublishScripts", "PublishScripts", "{16DA3897-8DAD-413F-9C33-9A4D0135AD46}"
	ProjectSection(SolutionItems) = preProject
		PublishScripts\AzureWebsitePublishModule.psm1 = PublishScripts\AzureWebsitePublishModule.psm1
		PublishScripts\Publish-WebApplicationWebsite.ps1 = PublishScripts\Publish-WebApplicationWebsite.ps1
	EndProjectSection
EndProject
Project("{2150E333-8FDC-42A3-9474-1A3956D46DE8}") = "Configurations", "Configurations", "{5EB85C00-8F66-4D38-AFF5-F06C90EE7656}"
	ProjectSection(SolutionItems) = preProject
		PublishScripts\Configurations\PhotoBoothWebApp-WAWS-dev.json = PublishScripts\Configurations\PhotoBoothWebApp-WAWS-dev.json
	EndProjectSection
EndProject
Project("{D954291E-2A0B-460D-934E-DC6B0785DB48}") = "PhotoBooth.Mobile", "Mobile\PhotoBooth.Mobile\PhotoBooth.Mobile\PhotoBooth.Mobile.shproj", "{E6E4DC78-9B76-4B10-9C2D-3FB1C38FE58E}"
EndProject
Project("{FAE04EC0-301F-11D3-BF4B-00C04F79EFBC}") = "PhotoBooth.Mobile.iOS", "Mobile\PhotoBooth.Mobile\PhotoBooth.Mobile.iOS\PhotoBooth.Mobile.iOS.csproj", "{F9756ABE-B1C6-4C47-AC35-2EA644911588}"
EndProject
Project("{D954291E-2A0B-460D-934E-DC6B0785DB48}") = "PhotoBooth.Models", "PhotoBooth.Models\PhotoBooth.Models.shproj", "{9D43BBDB-BA04-435A-8553-7E2574B24A21}"
EndProject
Project("{FAE04EC0-301F-11D3-BF4B-00C04F79EFBC}") = "PhotoBooth.Service", "PhotoBooth.Service\PhotoBooth.Service.csproj", "{6BE83161-2FC4-4D3B-BA6E-4BC368FD4586}"
EndProject
Project("{FAE04EC0-301F-11D3-BF4B-00C04F79EFBC}") = "PhotoBooth.BoothService", "PhotoBooth.BoothService\PhotoBooth.BoothService.csproj", "{DD999228-8D48-439A-91C6-E9A1B9357934}"
EndProject
Project("{54435603-DBB4-11D2-8724-00A0C9A8B90C}") = "PhotoBooth.Service.Installer", "PhotoBooth.Service.Installer\PhotoBooth.Service.Installer.vdproj", "{9BCB96D5-6CA7-4812-A1C7-40379BB8A8BE}"
EndProject
Project("{FAE04EC0-301F-11D3-BF4B-00C04F79EFBC}") = "PhotoBooth.Tests", "PhotoBooth.Tests\PhotoBooth.Tests.csproj", "{33AC9E80-6A3A-4132-B153-F3D7D3036766}"
EndProject
Global
	GlobalSection(SharedMSBuildProjectFiles) = preSolution
		PhotoBooth.Models\PhotoBooth.Models.projitems*{9d43bbdb-ba04-435a-8553-7e2574b24a21}*SharedItemsImports = 13
		PhotoBooth.Models\PhotoBooth.Models.projitems*{b1f35053-1a83-4f7a-a5da-e2da89ff6360}*SharedItemsImports = 4
		Mobile\PhotoBooth.Mobile\PhotoBooth.Mobile\PhotoBooth.Mobile.projitems*{e6e4dc78-9b76-4b10-9c2d-3fb1c38fe58e}*SharedItemsImports = 13
		Mobile\PhotoBooth.Mobile\PhotoBooth.Mobile\PhotoBooth.Mobile.projitems*{f9756abe-b1c6-4c47-ac35-2ea644911588}*SharedItemsImports = 4
		PhotoBooth.Models\PhotoBooth.Models.projitems*{f9756abe-b1c6-4c47-ac35-2ea644911588}*SharedItemsImports = 4
	EndGlobalSection
	GlobalSection(SolutionConfigurationPlatforms) = preSolution
		Ad-Hoc|Any CPU = Ad-Hoc|Any CPU
		Ad-Hoc|ARM = Ad-Hoc|ARM
		Ad-Hoc|iPhone = Ad-Hoc|iPhone
		Ad-Hoc|iPhoneSimulator = Ad-Hoc|iPhoneSimulator
		Ad-Hoc|x86 = Ad-Hoc|x86
		AppStore|Any CPU = AppStore|Any CPU
		AppStore|ARM = AppStore|ARM
		AppStore|iPhone = AppStore|iPhone
		AppStore|iPhoneSimulator = AppStore|iPhoneSimulator
		AppStore|x86 = AppStore|x86
		Debug|Any CPU = Debug|Any CPU
		Debug|ARM = Debug|ARM
		Debug|iPhone = Debug|iPhone
		Debug|iPhoneSimulator = Debug|iPhoneSimulator
		Debug|x86 = Debug|x86
		Release|Any CPU = Release|Any CPU
		Release|ARM = Release|ARM
		Release|iPhone = Release|iPhone
		Release|iPhoneSimulator = Release|iPhoneSimulator
		Release|x86 = Release|x86
	EndGlobalSection
	GlobalSection(ProjectConfigurationPlatforms) = postSolution
		{B1F35053-1A83-4F7A-A5DA-E2DA89FF6360}.Ad-Hoc|Any CPU.ActiveCfg = Release|Any CPU
		{B1F35053-1A83-4F7A-A5DA-E2DA89FF6360}.Ad-Hoc|Any CPU.Build.0 = Release|Any CPU
		{B1F35053-1A83-4F7A-A5DA-E2DA89FF6360}.Ad-Hoc|ARM.ActiveCfg = Debug|Any CPU
		{B1F35053-1A83-4F7A-A5DA-E2DA89FF6360}.Ad-Hoc|ARM.Build.0 = Debug|Any CPU
		{B1F35053-1A83-4F7A-A5DA-E2DA89FF6360}.Ad-Hoc|iPhone.ActiveCfg = Release|Any CPU
		{B1F35053-1A83-4F7A-A5DA-E2DA89FF6360}.Ad-Hoc|iPhone.Build.0 = Release|Any CPU
		{B1F35053-1A83-4F7A-A5DA-E2DA89FF6360}.Ad-Hoc|iPhoneSimulator.ActiveCfg = Release|Any CPU
		{B1F35053-1A83-4F7A-A5DA-E2DA89FF6360}.Ad-Hoc|iPhoneSimulator.Build.0 = Release|Any CPU
		{B1F35053-1A83-4F7A-A5DA-E2DA89FF6360}.Ad-Hoc|x86.ActiveCfg = Debug|Any CPU
		{B1F35053-1A83-4F7A-A5DA-E2DA89FF6360}.Ad-Hoc|x86.Build.0 = Debug|Any CPU
		{B1F35053-1A83-4F7A-A5DA-E2DA89FF6360}.AppStore|Any CPU.ActiveCfg = Release|Any CPU
		{B1F35053-1A83-4F7A-A5DA-E2DA89FF6360}.AppStore|Any CPU.Build.0 = Release|Any CPU
		{B1F35053-1A83-4F7A-A5DA-E2DA89FF6360}.AppStore|ARM.ActiveCfg = Debug|Any CPU
		{B1F35053-1A83-4F7A-A5DA-E2DA89FF6360}.AppStore|ARM.Build.0 = Debug|Any CPU
		{B1F35053-1A83-4F7A-A5DA-E2DA89FF6360}.AppStore|iPhone.ActiveCfg = Release|Any CPU
		{B1F35053-1A83-4F7A-A5DA-E2DA89FF6360}.AppStore|iPhone.Build.0 = Release|Any CPU
		{B1F35053-1A83-4F7A-A5DA-E2DA89FF6360}.AppStore|iPhoneSimulator.ActiveCfg = Release|Any CPU
		{B1F35053-1A83-4F7A-A5DA-E2DA89FF6360}.AppStore|iPhoneSimulator.Build.0 = Release|Any CPU
		{B1F35053-1A83-4F7A-A5DA-E2DA89FF6360}.AppStore|x86.ActiveCfg = Debug|Any CPU
		{B1F35053-1A83-4F7A-A5DA-E2DA89FF6360}.AppStore|x86.Build.0 = Debug|Any CPU
		{B1F35053-1A83-4F7A-A5DA-E2DA89FF6360}.Debug|Any CPU.ActiveCfg = Debug|Any CPU
		{B1F35053-1A83-4F7A-A5DA-E2DA89FF6360}.Debug|Any CPU.Build.0 = Debug|Any CPU
		{B1F35053-1A83-4F7A-A5DA-E2DA89FF6360}.Debug|ARM.ActiveCfg = Debug|Any CPU
		{B1F35053-1A83-4F7A-A5DA-E2DA89FF6360}.Debug|ARM.Build.0 = Debug|Any CPU
		{B1F35053-1A83-4F7A-A5DA-E2DA89FF6360}.Debug|iPhone.ActiveCfg = Debug|Any CPU
		{B1F35053-1A83-4F7A-A5DA-E2DA89FF6360}.Debug|iPhone.Build.0 = Debug|Any CPU
		{B1F35053-1A83-4F7A-A5DA-E2DA89FF6360}.Debug|iPhoneSimulator.ActiveCfg = Debug|Any CPU
		{B1F35053-1A83-4F7A-A5DA-E2DA89FF6360}.Debug|iPhoneSimulator.Build.0 = Debug|Any CPU
		{B1F35053-1A83-4F7A-A5DA-E2DA89FF6360}.Debug|x86.ActiveCfg = Debug|Any CPU
		{B1F35053-1A83-4F7A-A5DA-E2DA89FF6360}.Debug|x86.Build.0 = Debug|Any CPU
		{B1F35053-1A83-4F7A-A5DA-E2DA89FF6360}.Release|Any CPU.ActiveCfg = Release|Any CPU
		{B1F35053-1A83-4F7A-A5DA-E2DA89FF6360}.Release|Any CPU.Build.0 = Release|Any CPU
		{B1F35053-1A83-4F7A-A5DA-E2DA89FF6360}.Release|ARM.ActiveCfg = Release|Any CPU
		{B1F35053-1A83-4F7A-A5DA-E2DA89FF6360}.Release|ARM.Build.0 = Release|Any CPU
		{B1F35053-1A83-4F7A-A5DA-E2DA89FF6360}.Release|iPhone.ActiveCfg = Release|Any CPU
		{B1F35053-1A83-4F7A-A5DA-E2DA89FF6360}.Release|iPhone.Build.0 = Release|Any CPU
		{B1F35053-1A83-4F7A-A5DA-E2DA89FF6360}.Release|iPhoneSimulator.ActiveCfg = Release|Any CPU
		{B1F35053-1A83-4F7A-A5DA-E2DA89FF6360}.Release|iPhoneSimulator.Build.0 = Release|Any CPU
		{B1F35053-1A83-4F7A-A5DA-E2DA89FF6360}.Release|x86.ActiveCfg = Release|Any CPU
		{B1F35053-1A83-4F7A-A5DA-E2DA89FF6360}.Release|x86.Build.0 = Release|Any CPU
		{6031096F-44C0-423B-8352-4E0EC505CE49}.Ad-Hoc|Any CPU.ActiveCfg = Release|Any CPU
		{6031096F-44C0-423B-8352-4E0EC505CE49}.Ad-Hoc|Any CPU.Build.0 = Release|Any CPU
		{6031096F-44C0-423B-8352-4E0EC505CE49}.Ad-Hoc|ARM.ActiveCfg = Debug|Any CPU
		{6031096F-44C0-423B-8352-4E0EC505CE49}.Ad-Hoc|ARM.Build.0 = Debug|Any CPU
		{6031096F-44C0-423B-8352-4E0EC505CE49}.Ad-Hoc|iPhone.ActiveCfg = Release|Any CPU
		{6031096F-44C0-423B-8352-4E0EC505CE49}.Ad-Hoc|iPhone.Build.0 = Release|Any CPU
		{6031096F-44C0-423B-8352-4E0EC505CE49}.Ad-Hoc|iPhoneSimulator.ActiveCfg = Release|Any CPU
		{6031096F-44C0-423B-8352-4E0EC505CE49}.Ad-Hoc|iPhoneSimulator.Build.0 = Release|Any CPU
		{6031096F-44C0-423B-8352-4E0EC505CE49}.Ad-Hoc|x86.ActiveCfg = Debug|Any CPU
		{6031096F-44C0-423B-8352-4E0EC505CE49}.Ad-Hoc|x86.Build.0 = Debug|Any CPU
		{6031096F-44C0-423B-8352-4E0EC505CE49}.AppStore|Any CPU.ActiveCfg = Release|Any CPU
		{6031096F-44C0-423B-8352-4E0EC505CE49}.AppStore|Any CPU.Build.0 = Release|Any CPU
		{6031096F-44C0-423B-8352-4E0EC505CE49}.AppStore|ARM.ActiveCfg = Debug|Any CPU
		{6031096F-44C0-423B-8352-4E0EC505CE49}.AppStore|ARM.Build.0 = Debug|Any CPU
		{6031096F-44C0-423B-8352-4E0EC505CE49}.AppStore|iPhone.ActiveCfg = Release|Any CPU
		{6031096F-44C0-423B-8352-4E0EC505CE49}.AppStore|iPhone.Build.0 = Release|Any CPU
		{6031096F-44C0-423B-8352-4E0EC505CE49}.AppStore|iPhoneSimulator.ActiveCfg = Release|Any CPU
		{6031096F-44C0-423B-8352-4E0EC505CE49}.AppStore|iPhoneSimulator.Build.0 = Release|Any CPU
		{6031096F-44C0-423B-8352-4E0EC505CE49}.AppStore|x86.ActiveCfg = Debug|Any CPU
		{6031096F-44C0-423B-8352-4E0EC505CE49}.AppStore|x86.Build.0 = Debug|Any CPU
		{6031096F-44C0-423B-8352-4E0EC505CE49}.Debug|Any CPU.ActiveCfg = Debug|Any CPU
		{6031096F-44C0-423B-8352-4E0EC505CE49}.Debug|Any CPU.Build.0 = Debug|Any CPU
		{6031096F-44C0-423B-8352-4E0EC505CE49}.Debug|ARM.ActiveCfg = Debug|Any CPU
		{6031096F-44C0-423B-8352-4E0EC505CE49}.Debug|ARM.Build.0 = Debug|Any CPU
		{6031096F-44C0-423B-8352-4E0EC505CE49}.Debug|iPhone.ActiveCfg = Debug|Any CPU
		{6031096F-44C0-423B-8352-4E0EC505CE49}.Debug|iPhone.Build.0 = Debug|Any CPU
		{6031096F-44C0-423B-8352-4E0EC505CE49}.Debug|iPhoneSimulator.ActiveCfg = Debug|Any CPU
		{6031096F-44C0-423B-8352-4E0EC505CE49}.Debug|iPhoneSimulator.Build.0 = Debug|Any CPU
		{6031096F-44C0-423B-8352-4E0EC505CE49}.Debug|x86.ActiveCfg = Debug|Any CPU
		{6031096F-44C0-423B-8352-4E0EC505CE49}.Debug|x86.Build.0 = Debug|Any CPU
		{6031096F-44C0-423B-8352-4E0EC505CE49}.Release|Any CPU.ActiveCfg = Release|Any CPU
		{6031096F-44C0-423B-8352-4E0EC505CE49}.Release|Any CPU.Build.0 = Release|Any CPU
		{6031096F-44C0-423B-8352-4E0EC505CE49}.Release|ARM.ActiveCfg = Release|Any CPU
		{6031096F-44C0-423B-8352-4E0EC505CE49}.Release|ARM.Build.0 = Release|Any CPU
		{6031096F-44C0-423B-8352-4E0EC505CE49}.Release|iPhone.ActiveCfg = Release|Any CPU
		{6031096F-44C0-423B-8352-4E0EC505CE49}.Release|iPhone.Build.0 = Release|Any CPU
		{6031096F-44C0-423B-8352-4E0EC505CE49}.Release|iPhoneSimulator.ActiveCfg = Release|Any CPU
		{6031096F-44C0-423B-8352-4E0EC505CE49}.Release|iPhoneSimulator.Build.0 = Release|Any CPU
		{6031096F-44C0-423B-8352-4E0EC505CE49}.Release|x86.ActiveCfg = Release|Any CPU
		{6031096F-44C0-423B-8352-4E0EC505CE49}.Release|x86.Build.0 = Release|Any CPU
		{F9756ABE-B1C6-4C47-AC35-2EA644911588}.Ad-Hoc|Any CPU.ActiveCfg = Ad-Hoc|iPhone
		{F9756ABE-B1C6-4C47-AC35-2EA644911588}.Ad-Hoc|ARM.ActiveCfg = Ad-Hoc|iPhone
		{F9756ABE-B1C6-4C47-AC35-2EA644911588}.Ad-Hoc|iPhone.ActiveCfg = Ad-Hoc|iPhone
		{F9756ABE-B1C6-4C47-AC35-2EA644911588}.Ad-Hoc|iPhone.Build.0 = Ad-Hoc|iPhone
		{F9756ABE-B1C6-4C47-AC35-2EA644911588}.Ad-Hoc|iPhoneSimulator.ActiveCfg = Ad-Hoc|iPhoneSimulator
		{F9756ABE-B1C6-4C47-AC35-2EA644911588}.Ad-Hoc|iPhoneSimulator.Build.0 = Ad-Hoc|iPhoneSimulator
		{F9756ABE-B1C6-4C47-AC35-2EA644911588}.Ad-Hoc|x86.ActiveCfg = Ad-Hoc|iPhone
		{F9756ABE-B1C6-4C47-AC35-2EA644911588}.AppStore|Any CPU.ActiveCfg = AppStore|iPhone
		{F9756ABE-B1C6-4C47-AC35-2EA644911588}.AppStore|ARM.ActiveCfg = AppStore|iPhone
		{F9756ABE-B1C6-4C47-AC35-2EA644911588}.AppStore|iPhone.ActiveCfg = AppStore|iPhone
		{F9756ABE-B1C6-4C47-AC35-2EA644911588}.AppStore|iPhone.Build.0 = AppStore|iPhone
		{F9756ABE-B1C6-4C47-AC35-2EA644911588}.AppStore|iPhoneSimulator.ActiveCfg = AppStore|iPhoneSimulator
		{F9756ABE-B1C6-4C47-AC35-2EA644911588}.AppStore|iPhoneSimulator.Build.0 = AppStore|iPhoneSimulator
		{F9756ABE-B1C6-4C47-AC35-2EA644911588}.AppStore|x86.ActiveCfg = AppStore|iPhone
		{F9756ABE-B1C6-4C47-AC35-2EA644911588}.Debug|Any CPU.ActiveCfg = Debug|iPhone
		{F9756ABE-B1C6-4C47-AC35-2EA644911588}.Debug|ARM.ActiveCfg = Debug|iPhone
		{F9756ABE-B1C6-4C47-AC35-2EA644911588}.Debug|iPhone.ActiveCfg = Debug|iPhone
		{F9756ABE-B1C6-4C47-AC35-2EA644911588}.Debug|iPhone.Build.0 = Debug|iPhone
		{F9756ABE-B1C6-4C47-AC35-2EA644911588}.Debug|iPhoneSimulator.ActiveCfg = Debug|iPhoneSimulator
		{F9756ABE-B1C6-4C47-AC35-2EA644911588}.Debug|iPhoneSimulator.Build.0 = Debug|iPhoneSimulator
		{F9756ABE-B1C6-4C47-AC35-2EA644911588}.Debug|x86.ActiveCfg = Debug|iPhone
		{F9756ABE-B1C6-4C47-AC35-2EA644911588}.Release|Any CPU.ActiveCfg = Release|iPhone
		{F9756ABE-B1C6-4C47-AC35-2EA644911588}.Release|ARM.ActiveCfg = Release|iPhone
		{F9756ABE-B1C6-4C47-AC35-2EA644911588}.Release|iPhone.ActiveCfg = Release|iPhone
		{F9756ABE-B1C6-4C47-AC35-2EA644911588}.Release|iPhone.Build.0 = Release|iPhone
		{F9756ABE-B1C6-4C47-AC35-2EA644911588}.Release|iPhoneSimulator.ActiveCfg = Release|iPhoneSimulator
		{F9756ABE-B1C6-4C47-AC35-2EA644911588}.Release|iPhoneSimulator.Build.0 = Release|iPhoneSimulator
		{F9756ABE-B1C6-4C47-AC35-2EA644911588}.Release|x86.ActiveCfg = Release|iPhone
		{6BE83161-2FC4-4D3B-BA6E-4BC368FD4586}.Ad-Hoc|Any CPU.ActiveCfg = Release|Any CPU
		{6BE83161-2FC4-4D3B-BA6E-4BC368FD4586}.Ad-Hoc|Any CPU.Build.0 = Release|Any CPU
		{6BE83161-2FC4-4D3B-BA6E-4BC368FD4586}.Ad-Hoc|ARM.ActiveCfg = Release|Any CPU
		{6BE83161-2FC4-4D3B-BA6E-4BC368FD4586}.Ad-Hoc|ARM.Build.0 = Release|Any CPU
		{6BE83161-2FC4-4D3B-BA6E-4BC368FD4586}.Ad-Hoc|iPhone.ActiveCfg = Release|Any CPU
		{6BE83161-2FC4-4D3B-BA6E-4BC368FD4586}.Ad-Hoc|iPhone.Build.0 = Release|Any CPU
		{6BE83161-2FC4-4D3B-BA6E-4BC368FD4586}.Ad-Hoc|iPhoneSimulator.ActiveCfg = Release|Any CPU
		{6BE83161-2FC4-4D3B-BA6E-4BC368FD4586}.Ad-Hoc|iPhoneSimulator.Build.0 = Release|Any CPU
		{6BE83161-2FC4-4D3B-BA6E-4BC368FD4586}.Ad-Hoc|x86.ActiveCfg = Release|Any CPU
		{6BE83161-2FC4-4D3B-BA6E-4BC368FD4586}.Ad-Hoc|x86.Build.0 = Release|Any CPU
		{6BE83161-2FC4-4D3B-BA6E-4BC368FD4586}.AppStore|Any CPU.ActiveCfg = Release|Any CPU
		{6BE83161-2FC4-4D3B-BA6E-4BC368FD4586}.AppStore|Any CPU.Build.0 = Release|Any CPU
		{6BE83161-2FC4-4D3B-BA6E-4BC368FD4586}.AppStore|ARM.ActiveCfg = Release|Any CPU
		{6BE83161-2FC4-4D3B-BA6E-4BC368FD4586}.AppStore|ARM.Build.0 = Release|Any CPU
		{6BE83161-2FC4-4D3B-BA6E-4BC368FD4586}.AppStore|iPhone.ActiveCfg = Release|Any CPU
		{6BE83161-2FC4-4D3B-BA6E-4BC368FD4586}.AppStore|iPhone.Build.0 = Release|Any CPU
		{6BE83161-2FC4-4D3B-BA6E-4BC368FD4586}.AppStore|iPhoneSimulator.ActiveCfg = Release|Any CPU
		{6BE83161-2FC4-4D3B-BA6E-4BC368FD4586}.AppStore|iPhoneSimulator.Build.0 = Release|Any CPU
		{6BE83161-2FC4-4D3B-BA6E-4BC368FD4586}.AppStore|x86.ActiveCfg = Release|Any CPU
		{6BE83161-2FC4-4D3B-BA6E-4BC368FD4586}.AppStore|x86.Build.0 = Release|Any CPU
		{6BE83161-2FC4-4D3B-BA6E-4BC368FD4586}.Debug|Any CPU.ActiveCfg = Debug|Any CPU
		{6BE83161-2FC4-4D3B-BA6E-4BC368FD4586}.Debug|Any CPU.Build.0 = Debug|Any CPU
		{6BE83161-2FC4-4D3B-BA6E-4BC368FD4586}.Debug|ARM.ActiveCfg = Debug|Any CPU
		{6BE83161-2FC4-4D3B-BA6E-4BC368FD4586}.Debug|ARM.Build.0 = Debug|Any CPU
		{6BE83161-2FC4-4D3B-BA6E-4BC368FD4586}.Debug|iPhone.ActiveCfg = Debug|Any CPU
		{6BE83161-2FC4-4D3B-BA6E-4BC368FD4586}.Debug|iPhone.Build.0 = Debug|Any CPU
		{6BE83161-2FC4-4D3B-BA6E-4BC368FD4586}.Debug|iPhoneSimulator.ActiveCfg = Debug|Any CPU
		{6BE83161-2FC4-4D3B-BA6E-4BC368FD4586}.Debug|iPhoneSimulator.Build.0 = Debug|Any CPU
		{6BE83161-2FC4-4D3B-BA6E-4BC368FD4586}.Debug|x86.ActiveCfg = Debug|Any CPU
		{6BE83161-2FC4-4D3B-BA6E-4BC368FD4586}.Debug|x86.Build.0 = Debug|Any CPU
		{6BE83161-2FC4-4D3B-BA6E-4BC368FD4586}.Release|Any CPU.ActiveCfg = Release|Any CPU
		{6BE83161-2FC4-4D3B-BA6E-4BC368FD4586}.Release|Any CPU.Build.0 = Release|Any CPU
		{6BE83161-2FC4-4D3B-BA6E-4BC368FD4586}.Release|ARM.ActiveCfg = Release|Any CPU
		{6BE83161-2FC4-4D3B-BA6E-4BC368FD4586}.Release|ARM.Build.0 = Release|Any CPU
		{6BE83161-2FC4-4D3B-BA6E-4BC368FD4586}.Release|iPhone.ActiveCfg = Release|Any CPU
		{6BE83161-2FC4-4D3B-BA6E-4BC368FD4586}.Release|iPhone.Build.0 = Release|Any CPU
		{6BE83161-2FC4-4D3B-BA6E-4BC368FD4586}.Release|iPhoneSimulator.ActiveCfg = Release|Any CPU
		{6BE83161-2FC4-4D3B-BA6E-4BC368FD4586}.Release|iPhoneSimulator.Build.0 = Release|Any CPU
		{6BE83161-2FC4-4D3B-BA6E-4BC368FD4586}.Release|x86.ActiveCfg = Release|Any CPU
		{6BE83161-2FC4-4D3B-BA6E-4BC368FD4586}.Release|x86.Build.0 = Release|Any CPU
		{DD999228-8D48-439A-91C6-E9A1B9357934}.Ad-Hoc|Any CPU.ActiveCfg = Release|Any CPU
		{DD999228-8D48-439A-91C6-E9A1B9357934}.Ad-Hoc|Any CPU.Build.0 = Release|Any CPU
		{DD999228-8D48-439A-91C6-E9A1B9357934}.Ad-Hoc|ARM.ActiveCfg = Release|Any CPU
		{DD999228-8D48-439A-91C6-E9A1B9357934}.Ad-Hoc|ARM.Build.0 = Release|Any CPU
		{DD999228-8D48-439A-91C6-E9A1B9357934}.Ad-Hoc|iPhone.ActiveCfg = Release|Any CPU
		{DD999228-8D48-439A-91C6-E9A1B9357934}.Ad-Hoc|iPhone.Build.0 = Release|Any CPU
		{DD999228-8D48-439A-91C6-E9A1B9357934}.Ad-Hoc|iPhoneSimulator.ActiveCfg = Release|Any CPU
		{DD999228-8D48-439A-91C6-E9A1B9357934}.Ad-Hoc|iPhoneSimulator.Build.0 = Release|Any CPU
		{DD999228-8D48-439A-91C6-E9A1B9357934}.Ad-Hoc|x86.ActiveCfg = Release|Any CPU
		{DD999228-8D48-439A-91C6-E9A1B9357934}.Ad-Hoc|x86.Build.0 = Release|Any CPU
		{DD999228-8D48-439A-91C6-E9A1B9357934}.AppStore|Any CPU.ActiveCfg = Release|Any CPU
		{DD999228-8D48-439A-91C6-E9A1B9357934}.AppStore|Any CPU.Build.0 = Release|Any CPU
		{DD999228-8D48-439A-91C6-E9A1B9357934}.AppStore|ARM.ActiveCfg = Release|Any CPU
		{DD999228-8D48-439A-91C6-E9A1B9357934}.AppStore|ARM.Build.0 = Release|Any CPU
		{DD999228-8D48-439A-91C6-E9A1B9357934}.AppStore|iPhone.ActiveCfg = Release|Any CPU
		{DD999228-8D48-439A-91C6-E9A1B9357934}.AppStore|iPhone.Build.0 = Release|Any CPU
		{DD999228-8D48-439A-91C6-E9A1B9357934}.AppStore|iPhoneSimulator.ActiveCfg = Release|Any CPU
		{DD999228-8D48-439A-91C6-E9A1B9357934}.AppStore|iPhoneSimulator.Build.0 = Release|Any CPU
		{DD999228-8D48-439A-91C6-E9A1B9357934}.AppStore|x86.ActiveCfg = Release|Any CPU
		{DD999228-8D48-439A-91C6-E9A1B9357934}.AppStore|x86.Build.0 = Release|Any CPU
		{DD999228-8D48-439A-91C6-E9A1B9357934}.Debug|Any CPU.ActiveCfg = Debug|Any CPU
		{DD999228-8D48-439A-91C6-E9A1B9357934}.Debug|Any CPU.Build.0 = Debug|Any CPU
		{DD999228-8D48-439A-91C6-E9A1B9357934}.Debug|ARM.ActiveCfg = Debug|Any CPU
		{DD999228-8D48-439A-91C6-E9A1B9357934}.Debug|ARM.Build.0 = Debug|Any CPU
		{DD999228-8D48-439A-91C6-E9A1B9357934}.Debug|iPhone.ActiveCfg = Debug|Any CPU
		{DD999228-8D48-439A-91C6-E9A1B9357934}.Debug|iPhone.Build.0 = Debug|Any CPU
		{DD999228-8D48-439A-91C6-E9A1B9357934}.Debug|iPhoneSimulator.ActiveCfg = Debug|Any CPU
		{DD999228-8D48-439A-91C6-E9A1B9357934}.Debug|iPhoneSimulator.Build.0 = Debug|Any CPU
		{DD999228-8D48-439A-91C6-E9A1B9357934}.Debug|x86.ActiveCfg = Debug|Any CPU
		{DD999228-8D48-439A-91C6-E9A1B9357934}.Debug|x86.Build.0 = Debug|Any CPU
		{DD999228-8D48-439A-91C6-E9A1B9357934}.Release|Any CPU.ActiveCfg = Release|Any CPU
		{DD999228-8D48-439A-91C6-E9A1B9357934}.Release|Any CPU.Build.0 = Release|Any CPU
		{DD999228-8D48-439A-91C6-E9A1B9357934}.Release|ARM.ActiveCfg = Release|Any CPU
		{DD999228-8D48-439A-91C6-E9A1B9357934}.Release|ARM.Build.0 = Release|Any CPU
		{DD999228-8D48-439A-91C6-E9A1B9357934}.Release|iPhone.ActiveCfg = Release|Any CPU
		{DD999228-8D48-439A-91C6-E9A1B9357934}.Release|iPhone.Build.0 = Release|Any CPU
		{DD999228-8D48-439A-91C6-E9A1B9357934}.Release|iPhoneSimulator.ActiveCfg = Release|Any CPU
		{DD999228-8D48-439A-91C6-E9A1B9357934}.Release|iPhoneSimulator.Build.0 = Release|Any CPU
		{DD999228-8D48-439A-91C6-E9A1B9357934}.Release|x86.ActiveCfg = Release|Any CPU
		{DD999228-8D48-439A-91C6-E9A1B9357934}.Release|x86.Build.0 = Release|Any CPU
		{9BCB96D5-6CA7-4812-A1C7-40379BB8A8BE}.Ad-Hoc|Any CPU.ActiveCfg = Release
		{9BCB96D5-6CA7-4812-A1C7-40379BB8A8BE}.Ad-Hoc|ARM.ActiveCfg = Release
		{9BCB96D5-6CA7-4812-A1C7-40379BB8A8BE}.Ad-Hoc|iPhone.ActiveCfg = Release
		{9BCB96D5-6CA7-4812-A1C7-40379BB8A8BE}.Ad-Hoc|iPhoneSimulator.ActiveCfg = Release
		{9BCB96D5-6CA7-4812-A1C7-40379BB8A8BE}.Ad-Hoc|x86.ActiveCfg = Release
		{9BCB96D5-6CA7-4812-A1C7-40379BB8A8BE}.AppStore|Any CPU.ActiveCfg = Release
		{9BCB96D5-6CA7-4812-A1C7-40379BB8A8BE}.AppStore|ARM.ActiveCfg = Release
		{9BCB96D5-6CA7-4812-A1C7-40379BB8A8BE}.AppStore|iPhone.ActiveCfg = Release
		{9BCB96D5-6CA7-4812-A1C7-40379BB8A8BE}.AppStore|iPhoneSimulator.ActiveCfg = Release
		{9BCB96D5-6CA7-4812-A1C7-40379BB8A8BE}.AppStore|x86.ActiveCfg = Release
		{9BCB96D5-6CA7-4812-A1C7-40379BB8A8BE}.Debug|Any CPU.ActiveCfg = Debug
		{9BCB96D5-6CA7-4812-A1C7-40379BB8A8BE}.Debug|ARM.ActiveCfg = Debug
		{9BCB96D5-6CA7-4812-A1C7-40379BB8A8BE}.Debug|iPhone.ActiveCfg = Debug
		{9BCB96D5-6CA7-4812-A1C7-40379BB8A8BE}.Debug|iPhoneSimulator.ActiveCfg = Debug
		{9BCB96D5-6CA7-4812-A1C7-40379BB8A8BE}.Debug|x86.ActiveCfg = Debug
		{9BCB96D5-6CA7-4812-A1C7-40379BB8A8BE}.Release|Any CPU.ActiveCfg = Release
		{9BCB96D5-6CA7-4812-A1C7-40379BB8A8BE}.Release|ARM.ActiveCfg = Release
		{9BCB96D5-6CA7-4812-A1C7-40379BB8A8BE}.Release|iPhone.ActiveCfg = Release
		{9BCB96D5-6CA7-4812-A1C7-40379BB8A8BE}.Release|iPhoneSimulator.ActiveCfg = Release
		{9BCB96D5-6CA7-4812-A1C7-40379BB8A8BE}.Release|x86.ActiveCfg = Release
		{33AC9E80-6A3A-4132-B153-F3D7D3036766}.Ad-Hoc|Any CPU.ActiveCfg = Release|Any CPU
		{33AC9E80-6A3A-4132-B153-F3D7D3036766}.Ad-Hoc|Any CPU.Build.0 = Release|Any CPU
		{33AC9E80-6A3A-4132-B153-F3D7D3036766}.Ad-Hoc|ARM.ActiveCfg = Release|Any CPU
		{33AC9E80-6A3A-4132-B153-F3D7D3036766}.Ad-Hoc|ARM.Build.0 = Release|Any CPU
		{33AC9E80-6A3A-4132-B153-F3D7D3036766}.Ad-Hoc|iPhone.ActiveCfg = Release|Any CPU
		{33AC9E80-6A3A-4132-B153-F3D7D3036766}.Ad-Hoc|iPhone.Build.0 = Release|Any CPU
		{33AC9E80-6A3A-4132-B153-F3D7D3036766}.Ad-Hoc|iPhoneSimulator.ActiveCfg = Release|Any CPU
		{33AC9E80-6A3A-4132-B153-F3D7D3036766}.Ad-Hoc|iPhoneSimulator.Build.0 = Release|Any CPU
		{33AC9E80-6A3A-4132-B153-F3D7D3036766}.Ad-Hoc|x86.ActiveCfg = Release|Any CPU
		{33AC9E80-6A3A-4132-B153-F3D7D3036766}.Ad-Hoc|x86.Build.0 = Release|Any CPU
		{33AC9E80-6A3A-4132-B153-F3D7D3036766}.AppStore|Any CPU.ActiveCfg = Release|Any CPU
		{33AC9E80-6A3A-4132-B153-F3D7D3036766}.AppStore|Any CPU.Build.0 = Release|Any CPU
		{33AC9E80-6A3A-4132-B153-F3D7D3036766}.AppStore|ARM.ActiveCfg = Release|Any CPU
		{33AC9E80-6A3A-4132-B153-F3D7D3036766}.AppStore|ARM.Build.0 = Release|Any CPU
		{33AC9E80-6A3A-4132-B153-F3D7D3036766}.AppStore|iPhone.ActiveCfg = Release|Any CPU
		{33AC9E80-6A3A-4132-B153-F3D7D3036766}.AppStore|iPhone.Build.0 = Release|Any CPU
		{33AC9E80-6A3A-4132-B153-F3D7D3036766}.AppStore|iPhoneSimulator.ActiveCfg = Release|Any CPU
		{33AC9E80-6A3A-4132-B153-F3D7D3036766}.AppStore|iPhoneSimulator.Build.0 = Release|Any CPU
		{33AC9E80-6A3A-4132-B153-F3D7D3036766}.AppStore|x86.ActiveCfg = Release|Any CPU
		{33AC9E80-6A3A-4132-B153-F3D7D3036766}.AppStore|x86.Build.0 = Release|Any CPU
		{33AC9E80-6A3A-4132-B153-F3D7D3036766}.Debug|Any CPU.ActiveCfg = Debug|Any CPU
		{33AC9E80-6A3A-4132-B153-F3D7D3036766}.Debug|Any CPU.Build.0 = Debug|Any CPU
		{33AC9E80-6A3A-4132-B153-F3D7D3036766}.Debug|ARM.ActiveCfg = Debug|Any CPU
		{33AC9E80-6A3A-4132-B153-F3D7D3036766}.Debug|ARM.Build.0 = Debug|Any CPU
		{33AC9E80-6A3A-4132-B153-F3D7D3036766}.Debug|iPhone.ActiveCfg = Debug|Any CPU
		{33AC9E80-6A3A-4132-B153-F3D7D3036766}.Debug|iPhone.Build.0 = Debug|Any CPU
		{33AC9E80-6A3A-4132-B153-F3D7D3036766}.Debug|iPhoneSimulator.ActiveCfg = Debug|Any CPU
		{33AC9E80-6A3A-4132-B153-F3D7D3036766}.Debug|iPhoneSimulator.Build.0 = Debug|Any CPU
		{33AC9E80-6A3A-4132-B153-F3D7D3036766}.Debug|x86.ActiveCfg = Debug|Any CPU
		{33AC9E80-6A3A-4132-B153-F3D7D3036766}.Debug|x86.Build.0 = Debug|Any CPU
		{33AC9E80-6A3A-4132-B153-F3D7D3036766}.Release|Any CPU.ActiveCfg = Release|Any CPU
		{33AC9E80-6A3A-4132-B153-F3D7D3036766}.Release|Any CPU.Build.0 = Release|Any CPU
		{33AC9E80-6A3A-4132-B153-F3D7D3036766}.Release|ARM.ActiveCfg = Release|Any CPU
		{33AC9E80-6A3A-4132-B153-F3D7D3036766}.Release|ARM.Build.0 = Release|Any CPU
		{33AC9E80-6A3A-4132-B153-F3D7D3036766}.Release|iPhone.ActiveCfg = Release|Any CPU
		{33AC9E80-6A3A-4132-B153-F3D7D3036766}.Release|iPhone.Build.0 = Release|Any CPU
		{33AC9E80-6A3A-4132-B153-F3D7D3036766}.Release|iPhoneSimulator.ActiveCfg = Release|Any CPU
		{33AC9E80-6A3A-4132-B153-F3D7D3036766}.Release|iPhoneSimulator.Build.0 = Release|Any CPU
		{33AC9E80-6A3A-4132-B153-F3D7D3036766}.Release|x86.ActiveCfg = Release|Any CPU
		{33AC9E80-6A3A-4132-B153-F3D7D3036766}.Release|x86.Build.0 = Release|Any CPU
	EndGlobalSection
	GlobalSection(SolutionProperties) = preSolution
		HideSolutionNode = FALSE
	EndGlobalSection
	GlobalSection(NestedProjects) = preSolution
		{5EB85C00-8F66-4D38-AFF5-F06C90EE7656} = {16DA3897-8DAD-413F-9C33-9A4D0135AD46}
		{E6E4DC78-9B76-4B10-9C2D-3FB1C38FE58E} = {D9C4029B-589A-4889-9E6A-F9F5C401AC19}
		{F9756ABE-B1C6-4C47-AC35-2EA644911588} = {D9C4029B-589A-4889-9E6A-F9F5C401AC19}
	EndGlobalSection
	GlobalSection(TeamFoundationVersionControl) = preSolution
		SccNumberOfProjects = 12
		SccEnterpriseProvider = {4CA58AB2-18FA-4F8D-95D4-32DDF27D184C}
		SccTeamFoundationServer = https://ahtukullep.visualstudio.com/defaultcollection
		SccLocalPath0 = .
		SccProjectUniqueName1 = PhotoBooth.DAL\\PhotoBooth.DAL.csproj
		SccProjectName1 = PhotoBooth.DAL
		SccLocalPath1 = PhotoBooth.DAL
		SccProjectUniqueName2 = PhotoBooth.WebApp\\PhotoBooth.WebApp.csproj
		SccProjectName2 = PhotoBooth.WebApp
		SccLocalPath2 = PhotoBooth.WebApp
		SccProjectUniqueName3 = Mobile\\PhotoBooth.Mobile\\PhotoBooth.Mobile\\PhotoBooth.Mobile.shproj
		SccProjectTopLevelParentUniqueName3 = PhotoBooth.sln
		SccProjectName3 = Mobile/PhotoBooth.Mobile/PhotoBooth.Mobile
		SccLocalPath3 = Mobile\\PhotoBooth.Mobile\\PhotoBooth.Mobile
		SccProjectUniqueName4 = Mobile\\PhotoBooth.Mobile\\PhotoBooth.Mobile\\PhotoBooth.Mobile.projitems
		SccProjectTopLevelParentUniqueName4 = PhotoBooth.sln
		SccProjectName4 = Mobile/PhotoBooth.Mobile/PhotoBooth.Mobile
		SccLocalPath4 = Mobile\\PhotoBooth.Mobile\\PhotoBooth.Mobile
		SccProjectUniqueName5 = Mobile\\PhotoBooth.Mobile\\PhotoBooth.Mobile.iOS\\PhotoBooth.Mobile.iOS.csproj
		SccProjectTopLevelParentUniqueName5 = PhotoBooth.sln
		SccProjectName5 = Mobile/PhotoBooth.Mobile/PhotoBooth.Mobile.iOS
		SccLocalPath5 = Mobile\\PhotoBooth.Mobile\\PhotoBooth.Mobile.iOS
		SccProjectUniqueName6 = PhotoBooth.Models\\PhotoBooth.Models.projitems
		SccProjectTopLevelParentUniqueName6 = PhotoBooth.Models\\PhotoBooth.Models.shproj
		SccProjectName6 = PhotoBooth.Models
		SccLocalPath6 = PhotoBooth.Models
		SccProjectUniqueName7 = PhotoBooth.Models\\PhotoBooth.Models.shproj
		SccProjectName7 = PhotoBooth.Models
		SccLocalPath7 = PhotoBooth.Models
		SccProjectUniqueName8 = PhotoBooth.Service\\PhotoBooth.Service.csproj
		SccProjectName8 = PhotoBooth.Service
		SccLocalPath8 = PhotoBooth.Service
		SccProjectUniqueName9 = PhotoBooth.BoothService\\PhotoBooth.BoothService.csproj
		SccProjectName9 = PhotoBooth.BoothService
		SccLocalPath9 = PhotoBooth.BoothService
		SccProjectUniqueName10 = PhotoBooth.Service.Installer\\PhotoBooth.Service.Installer.vdproj
		SccProjectName10 = PhotoBooth.Service.Installer
		SccLocalPath10 = PhotoBooth.Service.Installer
		SccProjectUniqueName11 = PhotoBooth.Tests\\PhotoBooth.Tests.csproj
		SccProjectName11 = PhotoBooth.Tests
		SccLocalPath11 = PhotoBooth.Tests
	EndGlobalSection
EndGlobal
